
Microsoft Visual Studio Solution File, Format Version 12.00
# Visual Studio 15
VisualStudioVersion = 15.0.26124.0
MinimumVisualStudioVersion = 15.0.26124.0
Project("{2150E333-8FDC-42A3-9474-1A3956D46DE8}") = ".paket", ".paket", "{2CD46E68-F3BD-473A-9841-1C7C7EA60B96}"
	ProjectSection(SolutionItems) = preProject
		paket.dependencies = paket.dependencies
	EndProjectSection
EndProject
Project("{f2a71f9b-5d33-465a-a702-920d77279786}") = "Fuchu", "Fuchu\Fuchu.fsproj", "{3527D6ED-FAAB-4339-9FA2-2EC3769F79D3}"
EndProject
Project("{f2a71f9b-5d33-465a-a702-920d77279786}") = "Fuchu.FsCheck", "Fuchu.FsCheck\Fuchu.FsCheck.fsproj", "{BF5283AA-486B-4DAF-8C57-E4FC572E73A2}"
EndProject
Project("{f2a71f9b-5d33-465a-a702-920d77279786}") = "Fuchu.MbUnit", "Fuchu.MbUnit\Fuchu.MbUnit.fsproj", "{15674017-71DC-466F-BC5C-F921574789CD}"
EndProject
Project("{f2a71f9b-5d33-465a-a702-920d77279786}") = "Fuchu.PerfUtil", "Fuchu.PerfUtil\Fuchu.PerfUtil.fsproj", "{217E5EBF-CD06-49C5-A2B3-329853AF4EB7}"
EndProject
Project("{f2a71f9b-5d33-465a-a702-920d77279786}") = "Fuchu.PerfUtil.Charting", "Fuchu.PerfUtil.Charting\Fuchu.PerfUtil.Charting.fsproj", "{1EC0EB32-9068-48B7-8B3E-4DD98809758B}"
EndProject
Project("{f2a71f9b-5d33-465a-a702-920d77279786}") = "Fuchu.TDNet", "Fuchu.TDNet\Fuchu.TDNet.fsproj", "{D3315AB4-C787-4847-9976-D9040A64EC85}"
EndProject
Project("{f2a71f9b-5d33-465a-a702-920d77279786}") = "Fuchu.TeamCity", "Fuchu.TeamCity\Fuchu.TeamCity.fsproj", "{0B672BF4-FFEA-47FC-B142-0A7638C8985D}"
EndProject
Project("{f2a71f9b-5d33-465a-a702-920d77279786}") = "Fuchu.Tests", "Fuchu.Tests\Fuchu.Tests.fsproj", "{A01A13AA-9F3C-4D76-BF2B-C8DC276854B5}"
EndProject
Project("{FAE04EC0-301F-11D3-BF4B-00C04F79EFBC}") = "Fuchu.CSharpTests", "Fuchu.CSharpTests\Fuchu.CSharpTests.csproj", "{F245D5AA-37BE-4605-81CB-7E6E1FC6F572}"
EndProject
Project("{2150E333-8FDC-42A3-9474-1A3956D46DE8}") = "Solution Items", "Solution Items", "{022D14E1-AEC2-4C33-B6C1-D4D71557D2DA}"
	ProjectSection(SolutionItems) = preProject
		build.fsx = build.fsx
		README.md = README.md
	EndProjectSection
EndProject
Global
	GlobalSection(SolutionConfigurationPlatforms) = preSolution
		Debug|Any CPU = Debug|Any CPU
		Debug|x64 = Debug|x64
		Debug|x86 = Debug|x86
		Release|Any CPU = Release|Any CPU
		Release|x64 = Release|x64
		Release|x86 = Release|x86
	EndGlobalSection
	GlobalSection(SolutionProperties) = preSolution
		HideSolutionNode = FALSE
	EndGlobalSection
	GlobalSection(ProjectConfigurationPlatforms) = postSolution
		{3527D6ED-FAAB-4339-9FA2-2EC3769F79D3}.Debug|Any CPU.ActiveCfg = Debug|Any CPU
		{3527D6ED-FAAB-4339-9FA2-2EC3769F79D3}.Debug|Any CPU.Build.0 = Debug|Any CPU
		{3527D6ED-FAAB-4339-9FA2-2EC3769F79D3}.Debug|x64.ActiveCfg = Debug|x64
		{3527D6ED-FAAB-4339-9FA2-2EC3769F79D3}.Debug|x64.Build.0 = Debug|x64
		{3527D6ED-FAAB-4339-9FA2-2EC3769F79D3}.Debug|x86.ActiveCfg = Debug|x86
		{3527D6ED-FAAB-4339-9FA2-2EC3769F79D3}.Debug|x86.Build.0 = Debug|x86
		{3527D6ED-FAAB-4339-9FA2-2EC3769F79D3}.Release|Any CPU.ActiveCfg = Release|Any CPU
		{3527D6ED-FAAB-4339-9FA2-2EC3769F79D3}.Release|Any CPU.Build.0 = Release|Any CPU
		{3527D6ED-FAAB-4339-9FA2-2EC3769F79D3}.Release|x64.ActiveCfg = Release|x64
		{3527D6ED-FAAB-4339-9FA2-2EC3769F79D3}.Release|x64.Build.0 = Release|x64
		{3527D6ED-FAAB-4339-9FA2-2EC3769F79D3}.Release|x86.ActiveCfg = Release|x86
		{3527D6ED-FAAB-4339-9FA2-2EC3769F79D3}.Release|x86.Build.0 = Release|x86
		{BF5283AA-486B-4DAF-8C57-E4FC572E73A2}.Debug|Any CPU.ActiveCfg = Debug|Any CPU
		{BF5283AA-486B-4DAF-8C57-E4FC572E73A2}.Debug|Any CPU.Build.0 = Debug|Any CPU
		{BF5283AA-486B-4DAF-8C57-E4FC572E73A2}.Debug|x64.ActiveCfg = Debug|x64
		{BF5283AA-486B-4DAF-8C57-E4FC572E73A2}.Debug|x64.Build.0 = Debug|x64
		{BF5283AA-486B-4DAF-8C57-E4FC572E73A2}.Debug|x86.ActiveCfg = Debug|x86
		{BF5283AA-486B-4DAF-8C57-E4FC572E73A2}.Debug|x86.Build.0 = Debug|x86
		{BF5283AA-486B-4DAF-8C57-E4FC572E73A2}.Release|Any CPU.ActiveCfg = Release|Any CPU
		{BF5283AA-486B-4DAF-8C57-E4FC572E73A2}.Release|Any CPU.Build.0 = Release|Any CPU
		{BF5283AA-486B-4DAF-8C57-E4FC572E73A2}.Release|x64.ActiveCfg = Release|x64
		{BF5283AA-486B-4DAF-8C57-E4FC572E73A2}.Release|x64.Build.0 = Release|x64
		{BF5283AA-486B-4DAF-8C57-E4FC572E73A2}.Release|x86.ActiveCfg = Release|x86
		{BF5283AA-486B-4DAF-8C57-E4FC572E73A2}.Release|x86.Build.0 = Release|x86
		{15674017-71DC-466F-BC5C-F921574789CD}.Debug|Any CPU.ActiveCfg = Debug|Any CPU
		{15674017-71DC-466F-BC5C-F921574789CD}.Debug|Any CPU.Build.0 = Debug|Any CPU
		{15674017-71DC-466F-BC5C-F921574789CD}.Debug|x64.ActiveCfg = Debug|x64
		{15674017-71DC-466F-BC5C-F921574789CD}.Debug|x64.Build.0 = Debug|x64
		{15674017-71DC-466F-BC5C-F921574789CD}.Debug|x86.ActiveCfg = Debug|x86
		{15674017-71DC-466F-BC5C-F921574789CD}.Debug|x86.Build.0 = Debug|x86
		{15674017-71DC-466F-BC5C-F921574789CD}.Release|Any CPU.ActiveCfg = Release|Any CPU
		{15674017-71DC-466F-BC5C-F921574789CD}.Release|Any CPU.Build.0 = Release|Any CPU
		{15674017-71DC-466F-BC5C-F921574789CD}.Release|x64.ActiveCfg = Release|x64
		{15674017-71DC-466F-BC5C-F921574789CD}.Release|x64.Build.0 = Release|x64
		{15674017-71DC-466F-BC5C-F921574789CD}.Release|x86.ActiveCfg = Release|x86
		{15674017-71DC-466F-BC5C-F921574789CD}.Release|x86.Build.0 = Release|x86
		{217E5EBF-CD06-49C5-A2B3-329853AF4EB7}.Debug|Any CPU.ActiveCfg = Debug|Any CPU
		{217E5EBF-CD06-49C5-A2B3-329853AF4EB7}.Debug|Any CPU.Build.0 = Debug|Any CPU
		{217E5EBF-CD06-49C5-A2B3-329853AF4EB7}.Debug|x64.ActiveCfg = Debug|x64
		{217E5EBF-CD06-49C5-A2B3-329853AF4EB7}.Debug|x64.Build.0 = Debug|x64
		{217E5EBF-CD06-49C5-A2B3-329853AF4EB7}.Debug|x86.ActiveCfg = Debug|x86
		{217E5EBF-CD06-49C5-A2B3-329853AF4EB7}.Debug|x86.Build.0 = Debug|x86
		{217E5EBF-CD06-49C5-A2B3-329853AF4EB7}.Release|Any CPU.ActiveCfg = Release|Any CPU
		{217E5EBF-CD06-49C5-A2B3-329853AF4EB7}.Release|Any CPU.Build.0 = Release|Any CPU
		{217E5EBF-CD06-49C5-A2B3-329853AF4EB7}.Release|x64.ActiveCfg = Release|x64
		{217E5EBF-CD06-49C5-A2B3-329853AF4EB7}.Release|x64.Build.0 = Release|x64
		{217E5EBF-CD06-49C5-A2B3-329853AF4EB7}.Release|x86.ActiveCfg = Release|x86
		{217E5EBF-CD06-49C5-A2B3-329853AF4EB7}.Release|x86.Build.0 = Release|x86
		{1EC0EB32-9068-48B7-8B3E-4DD98809758B}.Debug|Any CPU.ActiveCfg = Debug|Any CPU
		{1EC0EB32-9068-48B7-8B3E-4DD98809758B}.Debug|Any CPU.Build.0 = Debug|Any CPU
		{1EC0EB32-9068-48B7-8B3E-4DD98809758B}.Debug|x64.ActiveCfg = Debug|x64
		{1EC0EB32-9068-48B7-8B3E-4DD98809758B}.Debug|x64.Build.0 = Debug|x64
		{1EC0EB32-9068-48B7-8B3E-4DD98809758B}.Debug|x86.ActiveCfg = Debug|x86
		{1EC0EB32-9068-48B7-8B3E-4DD98809758B}.Debug|x86.Build.0 = Debug|x86
		{1EC0EB32-9068-48B7-8B3E-4DD98809758B}.Release|Any CPU.ActiveCfg = Release|Any CPU
		{1EC0EB32-9068-48B7-8B3E-4DD98809758B}.Release|Any CPU.Build.0 = Release|Any CPU
		{1EC0EB32-9068-48B7-8B3E-4DD98809758B}.Release|x64.ActiveCfg = Release|x64
		{1EC0EB32-9068-48B7-8B3E-4DD98809758B}.Release|x64.Build.0 = Release|x64
		{1EC0EB32-9068-48B7-8B3E-4DD98809758B}.Release|x86.ActiveCfg = Release|x86
		{1EC0EB32-9068-48B7-8B3E-4DD98809758B}.Release|x86.Build.0 = Release|x86
		{D3315AB4-C787-4847-9976-D9040A64EC85}.Debug|Any CPU.ActiveCfg = Debug|Any CPU
		{D3315AB4-C787-4847-9976-D9040A64EC85}.Debug|Any CPU.Build.0 = Debug|Any CPU
		{D3315AB4-C787-4847-9976-D9040A64EC85}.Debug|x64.ActiveCfg = Debug|x64
		{D3315AB4-C787-4847-9976-D9040A64EC85}.Debug|x64.Build.0 = Debug|x64
		{D3315AB4-C787-4847-9976-D9040A64EC85}.Debug|x86.ActiveCfg = Debug|x86
		{D3315AB4-C787-4847-9976-D9040A64EC85}.Debug|x86.Build.0 = Debug|x86
		{D3315AB4-C787-4847-9976-D9040A64EC85}.Release|Any CPU.ActiveCfg = Release|Any CPU
		{D3315AB4-C787-4847-9976-D9040A64EC85}.Release|Any CPU.Build.0 = Release|Any CPU
		{D3315AB4-C787-4847-9976-D9040A64EC85}.Release|x64.ActiveCfg = Release|x64
		{D3315AB4-C787-4847-9976-D9040A64EC85}.Release|x64.Build.0 = Release|x64
		{D3315AB4-C787-4847-9976-D9040A64EC85}.Release|x86.ActiveCfg = Release|x86
		{D3315AB4-C787-4847-9976-D9040A64EC85}.Release|x86.Build.0 = Release|x86
		{0B672BF4-FFEA-47FC-B142-0A7638C8985D}.Debug|Any CPU.ActiveCfg = Debug|Any CPU
		{0B672BF4-FFEA-47FC-B142-0A7638C8985D}.Debug|Any CPU.Build.0 = Debug|Any CPU
		{0B672BF4-FFEA-47FC-B142-0A7638C8985D}.Debug|x64.ActiveCfg = Debug|x64
		{0B672BF4-FFEA-47FC-B142-0A7638C8985D}.Debug|x64.Build.0 = Debug|x64
		{0B672BF4-FFEA-47FC-B142-0A7638C8985D}.Debug|x86.ActiveCfg = Debug|x86
		{0B672BF4-FFEA-47FC-B142-0A7638C8985D}.Debug|x86.Build.0 = Debug|x86
		{0B672BF4-FFEA-47FC-B142-0A7638C8985D}.Release|Any CPU.ActiveCfg = Release|Any CPU
		{0B672BF4-FFEA-47FC-B142-0A7638C8985D}.Release|Any CPU.Build.0 = Release|Any CPU
		{0B672BF4-FFEA-47FC-B142-0A7638C8985D}.Release|x64.ActiveCfg = Release|x64
		{0B672BF4-FFEA-47FC-B142-0A7638C8985D}.Release|x64.Build.0 = Release|x64
		{0B672BF4-FFEA-47FC-B142-0A7638C8985D}.Release|x86.ActiveCfg = Release|x86
		{0B672BF4-FFEA-47FC-B142-0A7638C8985D}.Release|x86.Build.0 = Release|x86
		{A01A13AA-9F3C-4D76-BF2B-C8DC276854B5}.Debug|Any CPU.ActiveCfg = Debug|Any CPU
		{A01A13AA-9F3C-4D76-BF2B-C8DC276854B5}.Debug|Any CPU.Build.0 = Debug|Any CPU
		{A01A13AA-9F3C-4D76-BF2B-C8DC276854B5}.Debug|x64.ActiveCfg = Debug|x64
		{A01A13AA-9F3C-4D76-BF2B-C8DC276854B5}.Debug|x64.Build.0 = Debug|x64
		{A01A13AA-9F3C-4D76-BF2B-C8DC276854B5}.Debug|x86.ActiveCfg = Debug|x86
		{A01A13AA-9F3C-4D76-BF2B-C8DC276854B5}.Debug|x86.Build.0 = Debug|x86
		{A01A13AA-9F3C-4D76-BF2B-C8DC276854B5}.Release|Any CPU.ActiveCfg = Release|Any CPU
		{A01A13AA-9F3C-4D76-BF2B-C8DC276854B5}.Release|Any CPU.Build.0 = Release|Any CPU
		{A01A13AA-9F3C-4D76-BF2B-C8DC276854B5}.Release|x64.ActiveCfg = Release|x64
		{A01A13AA-9F3C-4D76-BF2B-C8DC276854B5}.Release|x64.Build.0 = Release|x64
		{A01A13AA-9F3C-4D76-BF2B-C8DC276854B5}.Release|x86.ActiveCfg = Release|x86
		{A01A13AA-9F3C-4D76-BF2B-C8DC276854B5}.Release|x86.Build.0 = Release|x86
		{F245D5AA-37BE-4605-81CB-7E6E1FC6F572}.Debug|Any CPU.ActiveCfg = Debug|Any CPU
		{F245D5AA-37BE-4605-81CB-7E6E1FC6F572}.Debug|Any CPU.Build.0 = Debug|Any CPU
		{F245D5AA-37BE-4605-81CB-7E6E1FC6F572}.Debug|x64.ActiveCfg = Debug|x64
		{F245D5AA-37BE-4605-81CB-7E6E1FC6F572}.Debug|x64.Build.0 = Debug|x64
		{F245D5AA-37BE-4605-81CB-7E6E1FC6F572}.Debug|x86.ActiveCfg = Debug|x86
		{F245D5AA-37BE-4605-81CB-7E6E1FC6F572}.Debug|x86.Build.0 = Debug|x86
		{F245D5AA-37BE-4605-81CB-7E6E1FC6F572}.Release|Any CPU.ActiveCfg = Release|Any CPU
		{F245D5AA-37BE-4605-81CB-7E6E1FC6F572}.Release|Any CPU.Build.0 = Release|Any CPU
		{F245D5AA-37BE-4605-81CB-7E6E1FC6F572}.Release|x64.ActiveCfg = Release|x64
		{F245D5AA-37BE-4605-81CB-7E6E1FC6F572}.Release|x64.Build.0 = Release|x64
		{F245D5AA-37BE-4605-81CB-7E6E1FC6F572}.Release|x86.ActiveCfg = Release|x86
		{F245D5AA-37BE-4605-81CB-7E6E1FC6F572}.Release|x86.Build.0 = Release|x86
	EndGlobalSection
EndGlobal
